// !$*UTF8*$!
{
	archiveVersion = 1;
	classes = {
	};
	objectVersion = 55;
	objects = {

/* Begin PBXBuildFile section */
		2A93013F27859236005D01A8 /* ExampleApp.swift in Sources */ = {isa = PBXBuildFile; fileRef = 2A93012F27859235005D01A8 /* ExampleApp.swift */; };
		2A93014027859236005D01A8 /* ExampleApp.swift in Sources */ = {isa = PBXBuildFile; fileRef = 2A93012F27859235005D01A8 /* ExampleApp.swift */; };
		2A93014127859236005D01A8 /* ContentView.swift in Sources */ = {isa = PBXBuildFile; fileRef = 2A93013027859235005D01A8 /* ContentView.swift */; };
		2A93014227859236005D01A8 /* ContentView.swift in Sources */ = {isa = PBXBuildFile; fileRef = 2A93013027859235005D01A8 /* ContentView.swift */; };
		2A93014327859236005D01A8 /* Assets.xcassets in Resources */ = {isa = PBXBuildFile; fileRef = 2A93013127859236005D01A8 /* Assets.xcassets */; };
		2A93014427859236005D01A8 /* Assets.xcassets in Resources */ = {isa = PBXBuildFile; fileRef = 2A93013127859236005D01A8 /* Assets.xcassets */; };
		2A93015227859310005D01A8 /* SwiftUIList in Frameworks */ = {isa = PBXBuildFile; productRef = 2A93015127859310005D01A8 /* SwiftUIList */; };
		2A9301562785CE72005D01A8 /* SwiftUIListCell in Frameworks */ = {isa = PBXBuildFile; productRef = 2A9301552785CE72005D01A8 /* SwiftUIListCell */; };
		2AEBA0EC278ABF1C003ED940 /* NodeSidebar.swift in Sources */ = {isa = PBXBuildFile; fileRef = 2AEBA0EB278ABF1C003ED940 /* NodeSidebar.swift */; };
		2AEBA0EF278AC37D003ED940 /* NodeCell.swift in Sources */ = {isa = PBXBuildFile; fileRef = 2AEBA0EE278AC37D003ED940 /* NodeCell.swift */; };
		2AEBA0F1278AC46A003ED940 /* EmojiPicker.swift in Sources */ = {isa = PBXBuildFile; fileRef = 2AEBA0F0278AC46A003ED940 /* EmojiPicker.swift */; };
/* End PBXBuildFile section */

/* Begin PBXFileReference section */
		2A93012F27859235005D01A8 /* ExampleApp.swift */ = {isa = PBXFileReference; lastKnownFileType = sourcecode.swift; path = ExampleApp.swift; sourceTree = "<group>"; };
		2A93013027859235005D01A8 /* ContentView.swift */ = {isa = PBXFileReference; lastKnownFileType = sourcecode.swift; path = ContentView.swift; sourceTree = "<group>"; };
		2A93013127859236005D01A8 /* Assets.xcassets */ = {isa = PBXFileReference; lastKnownFileType = folder.assetcatalog; path = Assets.xcassets; sourceTree = "<group>"; };
		2A93013627859236005D01A8 /* Example.app */ = {isa = PBXFileReference; explicitFileType = wrapper.application; includeInIndex = 0; path = Example.app; sourceTree = BUILT_PRODUCTS_DIR; };
		2A93013C27859236005D01A8 /* Example.app */ = {isa = PBXFileReference; explicitFileType = wrapper.application; includeInIndex = 0; path = Example.app; sourceTree = BUILT_PRODUCTS_DIR; };
		2A93013E27859236005D01A8 /* macOS.entitlements */ = {isa = PBXFileReference; lastKnownFileType = text.plist.entitlements; path = macOS.entitlements; sourceTree = "<group>"; };
		2A93014E27859259005D01A8 /* SwiftUIList */ = {isa = PBXFileReference; lastKnownFileType = wrapper; name = SwiftUIList; path = ..; sourceTree = "<group>"; };
		2A93014F27859307005D01A8 /* Example--macOS--Info.plist */ = {isa = PBXFileReference; lastKnownFileType = text.plist; path = "Example--macOS--Info.plist"; sourceTree = "<group>"; };
		2AEBA0EB278ABF1C003ED940 /* NodeSidebar.swift */ = {isa = PBXFileReference; lastKnownFileType = sourcecode.swift; path = NodeSidebar.swift; sourceTree = "<group>"; };
		2AEBA0EE278AC37D003ED940 /* NodeCell.swift */ = {isa = PBXFileReference; lastKnownFileType = sourcecode.swift; path = NodeCell.swift; sourceTree = "<group>"; };
		2AEBA0F0278AC46A003ED940 /* EmojiPicker.swift */ = {isa = PBXFileReference; lastKnownFileType = sourcecode.swift; path = EmojiPicker.swift; sourceTree = "<group>"; };
/* End PBXFileReference section */

/* Begin PBXFrameworksBuildPhase section */
		2A93013327859236005D01A8 /* Frameworks */ = {
			isa = PBXFrameworksBuildPhase;
			buildActionMask = 2147483647;
			files = (
			);
			runOnlyForDeploymentPostprocessing = 0;
		};
		2A93013927859236005D01A8 /* Frameworks */ = {
			isa = PBXFrameworksBuildPhase;
			buildActionMask = 2147483647;
			files = (
				2A9301562785CE72005D01A8 /* SwiftUIListCell in Frameworks */,
				2A93015227859310005D01A8 /* SwiftUIList in Frameworks */,
			);
			runOnlyForDeploymentPostprocessing = 0;
		};
/* End PBXFrameworksBuildPhase section */

/* Begin PBXGroup section */
		2A93012927859235005D01A8 = {
			isa = PBXGroup;
			children = (
				2A93014F27859307005D01A8 /* Example--macOS--Info.plist */,
				2A93014D27859259005D01A8 /* Packages */,
				2A93012E27859235005D01A8 /* Shared */,
				2A93013D27859236005D01A8 /* macOS */,
				2A93013727859236005D01A8 /* Products */,
				2A93015027859310005D01A8 /* Frameworks */,
			);
			sourceTree = "<group>";
		};
		2A93012E27859235005D01A8 /* Shared */ = {
			isa = PBXGroup;
			children = (
				2A93013127859236005D01A8 /* Assets.xcassets */,
				2A93013027859235005D01A8 /* ContentView.swift */,
				2A93012F27859235005D01A8 /* ExampleApp.swift */,
				2AEBA0EB278ABF1C003ED940 /* NodeSidebar.swift */,
				2AEBA0ED278AC367003ED940 /* Views */,
			);
			path = Shared;
			sourceTree = "<group>";
		};
		2A93013727859236005D01A8 /* Products */ = {
			isa = PBXGroup;
			children = (
				2A93013627859236005D01A8 /* Example.app */,
				2A93013C27859236005D01A8 /* Example.app */,
			);
			name = Products;
			sourceTree = "<group>";
		};
		2A93013D27859236005D01A8 /* macOS */ = {
			isa = PBXGroup;
			children = (
				2A93013E27859236005D01A8 /* macOS.entitlements */,
			);
			path = macOS;
			sourceTree = "<group>";
		};
		2A93014D27859259005D01A8 /* Packages */ = {
			isa = PBXGroup;
			children = (
				2A93014E27859259005D01A8 /* SwiftUIList */,
			);
			name = Packages;
			sourceTree = "<group>";
		};
		2A93015027859310005D01A8 /* Frameworks */ = {
			isa = PBXGroup;
			children = (
			);
			name = Frameworks;
			sourceTree = "<group>";
		};
		2AEBA0ED278AC367003ED940 /* Views */ = {
			isa = PBXGroup;
			children = (
				2AEBA0EE278AC37D003ED940 /* NodeCell.swift */,
				2AEBA0F0278AC46A003ED940 /* EmojiPicker.swift */,
			);
			path = Views;
			sourceTree = "<group>";
		};
/* End PBXGroup section */

/* Begin PBXNativeTarget section */
		2A93013527859236005D01A8 /* Example (iOS) */ = {
			isa = PBXNativeTarget;
			buildConfigurationList = 2A93014727859236005D01A8 /* Build configuration list for PBXNativeTarget "Example (iOS)" */;
			buildPhases = (
				2A93013227859236005D01A8 /* Sources */,
				2A93013327859236005D01A8 /* Frameworks */,
				2A93013427859236005D01A8 /* Resources */,
			);
			buildRules = (
			);
			dependencies = (
			);
			name = "Example (iOS)";
			productName = "Example (iOS)";
			productReference = 2A93013627859236005D01A8 /* Example.app */;
			productType = "com.apple.product-type.application";
		};
		2A93013B27859236005D01A8 /* Example (macOS) */ = {
			isa = PBXNativeTarget;
			buildConfigurationList = 2A93014A27859236005D01A8 /* Build configuration list for PBXNativeTarget "Example (macOS)" */;
			buildPhases = (
				2A93013827859236005D01A8 /* Sources */,
				2A93013927859236005D01A8 /* Frameworks */,
				2A93013A27859236005D01A8 /* Resources */,
			);
			buildRules = (
			);
			dependencies = (
			);
			name = "Example (macOS)";
			packageProductDependencies = (
				2A93015127859310005D01A8 /* SwiftUIList */,
				2A9301552785CE72005D01A8 /* SwiftUIListCell */,
			);
			productName = "Example (macOS)";
			productReference = 2A93013C27859236005D01A8 /* Example.app */;
			productType = "com.apple.product-type.application";
		};
/* End PBXNativeTarget section */

/* Begin PBXProject section */
		2A93012A27859235005D01A8 /* Project object */ = {
			isa = PBXProject;
			attributes = {
				BuildIndependentTargetsInParallel = 1;
				LastSwiftUpdateCheck = 1320;
				LastUpgradeCheck = 1320;
				TargetAttributes = {
					2A93013527859236005D01A8 = {
						CreatedOnToolsVersion = 13.2;
					};
					2A93013B27859236005D01A8 = {
						CreatedOnToolsVersion = 13.2;
					};
				};
			};
			buildConfigurationList = 2A93012D27859235005D01A8 /* Build configuration list for PBXProject "Example" */;
			compatibilityVersion = "Xcode 13.0";
			developmentRegion = en;
			hasScannedForEncodings = 0;
			knownRegions = (
				en,
				Base,
			);
			mainGroup = 2A93012927859235005D01A8;
			productRefGroup = 2A93013727859236005D01A8 /* Products */;
			projectDirPath = "";
			projectRoot = "";
			targets = (
				2A93013527859236005D01A8 /* Example (iOS) */,
				2A93013B27859236005D01A8 /* Example (macOS) */,
			);
		};
/* End PBXProject section */

/* Begin PBXResourcesBuildPhase section */
		2A93013427859236005D01A8 /* Resources */ = {
			isa = PBXResourcesBuildPhase;
			buildActionMask = 2147483647;
			files = (
				2A93014327859236005D01A8 /* Assets.xcassets in Resources */,
			);
			runOnlyForDeploymentPostprocessing = 0;
		};
		2A93013A27859236005D01A8 /* Resources */ = {
			isa = PBXResourcesBuildPhase;
			buildActionMask = 2147483647;
			files = (
				2A93014427859236005D01A8 /* Assets.xcassets in Resources */,
			);
			runOnlyForDeploymentPostprocessing = 0;
		};
/* End PBXResourcesBuildPhase section */

/* Begin PBXSourcesBuildPhase section */
		2A93013227859236005D01A8 /* Sources */ = {
			isa = PBXSourcesBuildPhase;
			buildActionMask = 2147483647;
			files = (
				2A93014127859236005D01A8 /* ContentView.swift in Sources */,
				2A93013F27859236005D01A8 /* ExampleApp.swift in Sources */,
			);
			runOnlyForDeploymentPostprocessing = 0;
		};
		2A93013827859236005D01A8 /* Sources */ = {
			isa = PBXSourcesBuildPhase;
			buildActionMask = 2147483647;
			files = (
				2A93014227859236005D01A8 /* ContentView.swift in Sources */,
				2A93014027859236005D01A8 /* ExampleApp.swift in Sources */,
				2AEBA0F1278AC46A003ED940 /* EmojiPicker.swift in Sources */,
				2AEBA0EC278ABF1C003ED940 /* NodeSidebar.swift in Sources */,
				2AEBA0EF278AC37D003ED940 /* NodeCell.swift in Sources */,
			);
			runOnlyForDeploymentPostprocessing = 0;
		};
/* End PBXSourcesBuildPhase section */

/* Begin XCBuildConfiguration section */
		2A93014527859236005D01A8 /* Debug */ = {
			isa = XCBuildConfiguration;
			buildSettings = {
				ALWAYS_SEARCH_USER_PATHS = NO;
				CLANG_ANALYZER_NONNULL = YES;
				CLANG_ANALYZER_NUMBER_OBJECT_CONVERSION = YES_AGGRESSIVE;
				CLANG_CXX_LANGUAGE_STANDARD = "gnu++17";
				CLANG_CXX_LIBRARY = "libc++";
				CLANG_ENABLE_MODULES = YES;
				CLANG_ENABLE_OBJC_ARC = YES;
				CLANG_ENABLE_OBJC_WEAK = YES;
				CLANG_WARN_BLOCK_CAPTURE_AUTORELEASING = YES;
				CLANG_WARN_BOOL_CONVERSION = YES;
				CLANG_WARN_COMMA = YES;
				CLANG_WARN_CONSTANT_CONVERSION = YES;
				CLANG_WARN_DEPRECATED_OBJC_IMPLEMENTATIONS = YES;
				CLANG_WARN_DIRECT_OBJC_ISA_USAGE = YES_ERROR;
				CLANG_WARN_DOCUMENTATION_COMMENTS = YES;
				CLANG_WARN_EMPTY_BODY = YES;
				CLANG_WARN_ENUM_CONVERSION = YES;
				CLANG_WARN_INFINITE_RECURSION = YES;
				CLANG_WARN_INT_CONVERSION = YES;
				CLANG_WARN_NON_LITERAL_NULL_CONVERSION = YES;
				CLANG_WARN_OBJC_IMPLICIT_RETAIN_SELF = YES;
				CLANG_WARN_OBJC_LITERAL_CONVERSION = YES;
				CLANG_WARN_OBJC_ROOT_CLASS = YES_ERROR;
				CLANG_WARN_QUOTED_INCLUDE_IN_FRAMEWORK_HEADER = YES;
				CLANG_WARN_RANGE_LOOP_ANALYSIS = YES;
				CLANG_WARN_STRICT_PROTOTYPES = YES;
				CLANG_WARN_SUSPICIOUS_MOVE = YES;
				CLANG_WARN_UNGUARDED_AVAILABILITY = YES_AGGRESSIVE;
				CLANG_WARN_UNREACHABLE_CODE = YES;
				CLANG_WARN__DUPLICATE_METHOD_MATCH = YES;
				COPY_PHASE_STRIP = NO;
				DEBUG_INFORMATION_FORMAT = dwarf;
				ENABLE_STRICT_OBJC_MSGSEND = YES;
				ENABLE_TESTABILITY = YES;
				GCC_C_LANGUAGE_STANDARD = gnu11;
				GCC_DYNAMIC_NO_PIC = NO;
				GCC_NO_COMMON_BLOCKS = YES;
				GCC_OPTIMIZATION_LEVEL = 0;
				GCC_PREPROCESSOR_DEFINITIONS = (
					"DEBUG=1",
					"$(inherited)",
				);
				GCC_WARN_64_TO_32_BIT_CONVERSION = YES;
				GCC_WARN_ABOUT_RETURN_TYPE = YES_ERROR;
				GCC_WARN_UNDECLARED_SELECTOR = YES;
				GCC_WARN_UNINITIALIZED_AUTOS = YES_AGGRESSIVE;
				GCC_WARN_UNUSED_FUNCTION = YES;
				GCC_WARN_UNUSED_VARIABLE = YES;
				IPHONEOS_DEPLOYMENT_TARGET = 14.5;
				MACOSX_DEPLOYMENT_TARGET = 11.0;
				MTL_ENABLE_DEBUG_INFO = INCLUDE_SOURCE;
				MTL_FAST_MATH = YES;
				ONLY_ACTIVE_ARCH = YES;
				SWIFT_ACTIVE_COMPILATION_CONDITIONS = DEBUG;
				SWIFT_OPTIMIZATION_LEVEL = "-Onone";
			};
			name = Debug;
		};
		2A93014627859236005D01A8 /* Release */ = {
			isa = XCBuildConfiguration;
			buildSettings = {
				ALWAYS_SEARCH_USER_PATHS = NO;
				CLANG_ANALYZER_NONNULL = YES;
				CLANG_ANALYZER_NUMBER_OBJECT_CONVERSION = YES_AGGRESSIVE;
				CLANG_CXX_LANGUAGE_STANDARD = "gnu++17";
				CLANG_CXX_LIBRARY = "libc++";
				CLANG_ENABLE_MODULES = YES;
				CLANG_ENABLE_OBJC_ARC = YES;
				CLANG_ENABLE_OBJC_WEAK = YES;
				CLANG_WARN_BLOCK_CAPTURE_AUTORELEASING = YES;
				CLANG_WARN_BOOL_CONVERSION = YES;
				CLANG_WARN_COMMA = YES;
				CLANG_WARN_CONSTANT_CONVERSION = YES;
				CLANG_WARN_DEPRECATED_OBJC_IMPLEMENTATIONS = YES;
				CLANG_WARN_DIRECT_OBJC_ISA_USAGE = YES_ERROR;
				CLANG_WARN_DOCUMENTATION_COMMENTS = YES;
				CLANG_WARN_EMPTY_BODY = YES;
				CLANG_WARN_ENUM_CONVERSION = YES;
				CLANG_WARN_INFINITE_RECURSION = YES;
				CLANG_WARN_INT_CONVERSION = YES;
				CLANG_WARN_NON_LITERAL_NULL_CONVERSION = YES;
				CLANG_WARN_OBJC_IMPLICIT_RETAIN_SELF = YES;
				CLANG_WARN_OBJC_LITERAL_CONVERSION = YES;
				CLANG_WARN_OBJC_ROOT_CLASS = YES_ERROR;
				CLANG_WARN_QUOTED_INCLUDE_IN_FRAMEWORK_HEADER = YES;
				CLANG_WARN_RANGE_LOOP_ANALYSIS = YES;
				CLANG_WARN_STRICT_PROTOTYPES = YES;
				CLANG_WARN_SUSPICIOUS_MOVE = YES;
				CLANG_WARN_UNGUARDED_AVAILABILITY = YES_AGGRESSIVE;
				CLANG_WARN_UNREACHABLE_CODE = YES;
				CLANG_WARN__DUPLICATE_METHOD_MATCH = YES;
				COPY_PHASE_STRIP = NO;
				DEBUG_INFORMATION_FORMAT = "dwarf-with-dsym";
				ENABLE_NS_ASSERTIONS = NO;
				ENABLE_STRICT_OBJC_MSGSEND = YES;
				GCC_C_LANGUAGE_STANDARD = gnu11;
				GCC_NO_COMMON_BLOCKS = YES;
				GCC_WARN_64_TO_32_BIT_CONVERSION = YES;
				GCC_WARN_ABOUT_RETURN_TYPE = YES_ERROR;
				GCC_WARN_UNDECLARED_SELECTOR = YES;
				GCC_WARN_UNINITIALIZED_AUTOS = YES_AGGRESSIVE;
				GCC_WARN_UNUSED_FUNCTION = YES;
				GCC_WARN_UNUSED_VARIABLE = YES;
				IPHONEOS_DEPLOYMENT_TARGET = 14.5;
				MACOSX_DEPLOYMENT_TARGET = 11.0;
				MTL_ENABLE_DEBUG_INFO = NO;
				MTL_FAST_MATH = YES;
				SWIFT_COMPILATION_MODE = wholemodule;
				SWIFT_OPTIMIZATION_LEVEL = "-O";
			};
			name = Release;
		};
		2A93014827859236005D01A8 /* Debug */ = {
			isa = XCBuildConfiguration;
			buildSettings = {
				ASSETCATALOG_COMPILER_APPICON_NAME = AppIcon;
				ASSETCATALOG_COMPILER_GLOBAL_ACCENT_COLOR_NAME = AccentColor;
				CODE_SIGN_STYLE = Automatic;
				CURRENT_PROJECT_VERSION = 1;
				DEVELOPMENT_TEAM = NND5T8LZPS;
				ENABLE_PREVIEWS = YES;
				GENERATE_INFOPLIST_FILE = YES;
				INFOPLIST_KEY_UIApplicationSceneManifest_Generation = YES;
				INFOPLIST_KEY_UIApplicationSupportsIndirectInputEvents = YES;
				INFOPLIST_KEY_UILaunchScreen_Generation = YES;
				INFOPLIST_KEY_UISupportedInterfaceOrientations_iPad = "UIInterfaceOrientationPortrait UIInterfaceOrientationPortraitUpsideDown UIInterfaceOrientationLandscapeLeft UIInterfaceOrientationLandscapeRight";
				INFOPLIST_KEY_UISupportedInterfaceOrientations_iPhone = "UIInterfaceOrientationPortrait UIInterfaceOrientationLandscapeLeft UIInterfaceOrientationLandscapeRight";
				IPHONEOS_DEPLOYMENT_TARGET = 15.2;
				LD_RUNPATH_SEARCH_PATHS = (
					"$(inherited)",
					"@executable_path/Frameworks",
				);
				MARKETING_VERSION = 1.0;
				PRODUCT_BUNDLE_IDENTIFIER = com.swiftui.example.list.Example;
				PRODUCT_NAME = Example;
				SDKROOT = iphoneos;
				SWIFT_EMIT_LOC_STRINGS = YES;
				SWIFT_VERSION = 5.0;
				TARGETED_DEVICE_FAMILY = "1,2";
			};
			name = Debug;
		};
		2A93014927859236005D01A8 /* Release */ = {
			isa = XCBuildConfiguration;
			buildSettings = {
				ASSETCATALOG_COMPILER_APPICON_NAME = AppIcon;
				ASSETCATALOG_COMPILER_GLOBAL_ACCENT_COLOR_NAME = AccentColor;
				CODE_SIGN_STYLE = Automatic;
				CURRENT_PROJECT_VERSION = 1;
				DEVELOPMENT_TEAM = NND5T8LZPS;
				ENABLE_PREVIEWS = YES;
				GENERATE_INFOPLIST_FILE = YES;
				INFOPLIST_KEY_UIApplicationSceneManifest_Generation = YES;
				INFOPLIST_KEY_UIApplicationSupportsIndirectInputEvents = YES;
				INFOPLIST_KEY_UILaunchScreen_Generation = YES;
				INFOPLIST_KEY_UISupportedInterfaceOrientations_iPad = "UIInterfaceOrientationPortrait UIInterfaceOrientationPortraitUpsideDown UIInterfaceOrientationLandscapeLeft UIInterfaceOrientationLandscapeRight";
				INFOPLIST_KEY_UISupportedInterfaceOrientations_iPhone = "UIInterfaceOrientationPortrait UIInterfaceOrientationLandscapeLeft UIInterfaceOrientationLandscapeRight";
				IPHONEOS_DEPLOYMENT_TARGET = 15.2;
				LD_RUNPATH_SEARCH_PATHS = (
					"$(inherited)",
					"@executable_path/Frameworks",
				);
				MARKETING_VERSION = 1.0;
				PRODUCT_BUNDLE_IDENTIFIER = com.swiftui.example.list.Example;
				PRODUCT_NAME = Example;
				SDKROOT = iphoneos;
				SWIFT_EMIT_LOC_STRINGS = YES;
				SWIFT_VERSION = 5.0;
				TARGETED_DEVICE_FAMILY = "1,2";
				VALIDATE_PRODUCT = YES;
			};
			name = Release;
		};
		2A93014B27859236005D01A8 /* Debug */ = {
			isa = XCBuildConfiguration;
			buildSettings = {
				ASSETCATALOG_COMPILER_APPICON_NAME = AppIcon;
				ASSETCATALOG_COMPILER_GLOBAL_ACCENT_COLOR_NAME = AccentColor;
				CODE_SIGN_ENTITLEMENTS = macOS/macOS.entitlements;
				CODE_SIGN_STYLE = Automatic;
				COMBINE_HIDPI_IMAGES = YES;
				CURRENT_PROJECT_VERSION = 1;
				DEVELOPMENT_TEAM = NND5T8LZPS;
				ENABLE_HARDENED_RUNTIME = YES;
				ENABLE_PREVIEWS = YES;
				GENERATE_INFOPLIST_FILE = YES;
				INFOPLIST_FILE = "Example--macOS--Info.plist";
				INFOPLIST_KEY_NSHumanReadableCopyright = "";
				LD_RUNPATH_SEARCH_PATHS = (
					"$(inherited)",
					"@executable_path/../Frameworks",
				);
				MACOSX_DEPLOYMENT_TARGET = 11.1;
				MARKETING_VERSION = 1.0;
				PRODUCT_BUNDLE_IDENTIFIER = com.swiftui.example.list.Example;
				PRODUCT_NAME = Example;
				SDKROOT = macosx;
				SWIFT_EMIT_LOC_STRINGS = YES;
				SWIFT_VERSION = 5.0;
			};
			name = Debug;
		};
		2A93014C27859236005D01A8 /* Release */ = {
			isa = XCBuildConfiguration;
			buildSettings = {
				ASSETCATALOG_COMPILER_APPICON_NAME = AppIcon;
				ASSETCATALOG_COMPILER_GLOBAL_ACCENT_COLOR_NAME = AccentColor;
				CODE_SIGN_ENTITLEMENTS = macOS/macOS.entitlements;
				CODE_SIGN_STYLE = Automatic;
				COMBINE_HIDPI_IMAGES = YES;
				CURRENT_PROJECT_VERSION = 1;
				DEVELOPMENT_TEAM = NND5T8LZPS;
				ENABLE_HARDENED_RUNTIME = YES;
				ENABLE_PREVIEWS = YES;
				GENERATE_INFOPLIST_FILE = YES;
				INFOPLIST_FILE = "Example--macOS--Info.plist";
				INFOPLIST_KEY_NSHumanReadableCopyright = "";
				LD_RUNPATH_SEARCH_PATHS = (
					"$(inherited)",
					"@executable_path/../Frameworks",
				);
				MACOSX_DEPLOYMENT_TARGET = 11.1;
				MARKETING_VERSION = 1.0;
				PRODUCT_BUNDLE_IDENTIFIER = com.swiftui.example.list.Example;
				PRODUCT_NAME = Example;
				SDKROOT = macosx;
				SWIFT_EMIT_LOC_STRINGS = YES;
				SWIFT_VERSION = 5.0;
			};
			name = Release;
		};
/* End XCBuildConfiguration section */

/* Begin XCConfigurationList section */
		2A93012D27859235005D01A8 /* Build configuration list for PBXProject "Example" */ = {
			isa = XCConfigurationList;
			buildConfigurations = (
				2A93014527859236005D01A8 /* Debug */,
				2A93014627859236005D01A8 /* Release */,
			);
			defaultConfigurationIsVisible = 0;
			defaultConfigurationName = Release;
		};
		2A93014727859236005D01A8 /* Build configuration list for PBXNativeTarget "Example (iOS)" */ = {
			isa = XCConfigurationList;
			buildConfigurations = (
				2A93014827859236005D01A8 /* Debug */,
				2A93014927859236005D01A8 /* Release */,
			);
			defaultConfigurationIsVisible = 0;
			defaultConfigurationName = Release;
		};
		2A93014A27859236005D01A8 /* Build configuration list for PBXNativeTarget "Example (macOS)" */ = {
			isa = XCConfigurationList;
			buildConfigurations = (
				2A93014B27859236005D01A8 /* Debug */,
				2A93014C27859236005D01A8 /* Release */,
			);
			defaultConfigurationIsVisible = 0;
			defaultConfigurationName = Release;
		};
/* End XCConfigurationList section */

/* Begin XCSwiftPackageProductDependency section */
		2A93015127859310005D01A8 /* SwiftUIList */ = {
			isa = XCSwiftPackageProductDependency;
			productName = SwiftUIList;
		};
		2A9301552785CE72005D01A8 /* SwiftUIListCell */ = {
			isa = XCSwiftPackageProductDependency;
			productName = SwiftUIListCell;
		};
/* End XCSwiftPackageProductDependency section */
	};
	rootObject = 2A93012A27859235005D01A8 /* Project object */;
}
